<?xml version="1.0" encoding="utf-8"?>
<Project ToolsVersion="4.0" xmlns="http://schemas.microsoft.com/developer/msbuild/2003">
  <ItemGroup>
    <Filter Include="Source Files">
      <UniqueIdentifier>{4FC737F1-C7A5-4376-A066-2A32D752A2FF}</UniqueIdentifier>
      <Extensions>cpp;c;cc;cxx;c++;cppm;ixx;def;odl;idl;hpj;bat;asm;asmx</Extensions>
    </Filter>
    <Filter Include="Header Files">
      <UniqueIdentifier>{93995380-89BD-4b04-88EB-625FBE52EBFB}</UniqueIdentifier>
      <Extensions>h;hh;hpp;hxx;h++;hm;inl;inc;ipp;xsd</Extensions>
    </Filter>
    <Filter Include="Resource Files">
      <UniqueIdentifier>{67DA6AB6-F800-4c08-8B7A-83BB121AAD01}</UniqueIdentifier>
      <Extensions>rc;ico;cur;bmp;dlg;rc2;rct;bin;rgs;gif;jpg;jpeg;jpe;resx;tiff;tif;png;wav;mfcribbon-ms</Extensions>
    </Filter>
  </ItemGroup>
  <ItemGroup>
    <ClCompile Include="src\audio\Music.cpp">
      <Filter>Source Files</Filter>
    </ClCompile>
    <ClCompile Include="src\blocks\Block.cpp">
      <Filter>Source Files</Filter>
    </ClCompile>
    <ClCompile Include="src\controller\KeyboardController.cpp">
      <Filter>Source Files</Filter>
    </ClCompile>
    <ClCompile Include="src\controller\MouseController.cpp">
      <Filter>Source Files</Filter>
    </ClCompile>
    <ClCompile Include="src\debug\Debug.cpp">
      <Filter>Source Files</Filter>
    </ClCompile>
    <ClCompile Include="src\entity\character\Character.cpp">
      <Filter>Source Files</Filter>
    </ClCompile>
    <ClCompile Include="src\entity\Entity.cpp">
      <Filter>Source Files</Filter>
    </ClCompile>
    <ClCompile Include="src\entity\Hitbox.cpp">
      <Filter>Source Files</Filter>
    </ClCompile>
    <ClCompile Include="src\entity\Member.cpp">
      <Filter>Source Files</Filter>
    </ClCompile>
    <ClCompile Include="src\gl\Camera.cpp">
      <Filter>Source Files</Filter>
    </ClCompile>
    <ClCompile Include="src\gl\Loader.cpp">
      <Filter>Source Files</Filter>
    </ClCompile>
    <ClCompile Include="src\gl\Mesh.cpp">
      <Filter>Source Files</Filter>
    </ClCompile>
    <ClCompile Include="src\gl\Shader.cpp">
      <Filter>Source Files</Filter>
    </ClCompile>
    <ClCompile Include="src\gl\ShadowMap.cpp">
      <Filter>Source Files</Filter>
    </ClCompile>
    <ClCompile Include="src\gl\Viewport.cpp">
      <Filter>Source Files</Filter>
    </ClCompile>
    <ClCompile Include="src\noise\bitmapTex.cpp">
      <Filter>Source Files</Filter>
    </ClCompile>
    <ClCompile Include="src\noise\simplex.cpp">
      <Filter>Source Files</Filter>
    </ClCompile>
    <ClCompile Include="src\noise\value.cpp">
      <Filter>Source Files</Filter>
    </ClCompile>
    <ClCompile Include="src\noise\voronoi.cpp">
      <Filter>Source Files</Filter>
    </ClCompile>
    <ClCompile Include="src\terrain\Chunk.cpp">
      <Filter>Source Files</Filter>
    </ClCompile>
    <ClCompile Include="src\terrain\Generator.cpp">
      <Filter>Source Files</Filter>
    </ClCompile>
    <ClCompile Include="src\terrain\SkyBox.cpp">
      <Filter>Source Files</Filter>
    </ClCompile>
    <ClCompile Include="src\terrain\Terrain.cpp">
      <Filter>Source Files</Filter>
    </ClCompile>
    <ClCompile Include="src\util\Random.cpp">
      <Filter>Source Files</Filter>
    </ClCompile>
    <ClCompile Include="src\util\Raycast.cpp">
      <Filter>Source Files</Filter>
    </ClCompile>
    <ClCompile Include="src\Application.cpp">
      <Filter>Source Files</Filter>
    </ClCompile>
    <ClCompile Include="src\entity\Node.cpp">
      <Filter>Source Files</Filter>
    </ClCompile>
    <ClCompile Include="src\terrain\ChunkMap.cpp">
      <Filter>Source Files</Filter>
    </ClCompile>
    <ClCompile Include="src\terrain\SliceMap.cpp">
      <Filter>Source Files</Filter>
    </ClCompile>
    <ClCompile Include="src\terrain\Structure.cpp">
      <Filter>Source Files</Filter>
    </ClCompile>
    <ClCompile Include="src\blocks\geometry\BlockGeometry.cpp">
      <Filter>Source Files</Filter>
    </ClCompile>
    <ClCompile Include="src\blocks\geometry\DefaultGeometry.cpp">
      <Filter>Source Files</Filter>
    </ClCompile>
    <ClCompile Include="src\blocks\geometry\TallgrassGeometry.cpp">
      <Filter>Source Files</Filter>
    </ClCompile>
    <ClCompile Include="src\terrain\biomes\BiomeMap.cpp">
      <Filter>Source Files</Filter>
    </ClCompile>
    <ClCompile Include="src\blocks\geometry\WaterGeometry.cpp">
      <Filter>Source Files</Filter>
    </ClCompile>
  </ItemGroup>
  <ItemGroup>
    <ClInclude Include="src\util\loader.hpp">
      <Filter>Header Files</Filter>
    </ClInclude>
    <ClInclude Include="src\util\mesh.hpp">
      <Filter>Header Files</Filter>
    </ClInclude>
    <ClInclude Include="src\Noise.hpp">
      <Filter>Header Files</Filter>
    </ClInclude>
    <ClInclude Include="src\entity\Trash\Cube.hpp">
      <Filter>Header Files</Filter>
    </ClInclude>
    <ClInclude Include="resource.h">
      <Filter>Header Files</Filter>
    </ClInclude>
    <ClInclude Include="src\camera\Camera.hpp">
      <Filter>Header Files</Filter>
    </ClInclude>
    <ClInclude Include="src\viewport\Viewport.hpp">
      <Filter>Header Files</Filter>
    </ClInclude>
    <ClInclude Include="src\shadow\ShadowMap.hpp">
      <Filter>Header Files</Filter>
    </ClInclude>
    <ClInclude Include="src\util\Shader.hpp">
      <Filter>Header Files</Filter>
    </ClInclude>
    <ClInclude Include="src\entity\Body.hpp">
      <Filter>Header Files</Filter>
    </ClInclude>
    <ClInclude Include="src\audio\Music.hpp">
      <Filter>Header Files</Filter>
    </ClInclude>
    <ClInclude Include="src\audio\SoundEffect.hpp">
      <Filter>Header Files</Filter>
    </ClInclude>
    <ClInclude Include="src\blocks\Air_Block.hpp">
      <Filter>Header Files</Filter>
    </ClInclude>
    <ClInclude Include="src\blocks\Block.hpp">
      <Filter>Header Files</Filter>
    </ClInclude>
    <ClInclude Include="src\blocks\Debug_Block.hpp">
      <Filter>Header Files</Filter>
    </ClInclude>
    <ClInclude Include="src\blocks\Dirt_Block.hpp">
      <Filter>Header Files</Filter>
    </ClInclude>
    <ClInclude Include="src\blocks\Grass_Block.hpp">
      <Filter>Header Files</Filter>
    </ClInclude>
    <ClInclude Include="src\blocks\Stone_Block.hpp">
      <Filter>Header Files</Filter>
    </ClInclude>
    <ClInclude Include="src\controller\KeyboardController.hpp">
      <Filter>Header Files</Filter>
    </ClInclude>
    <ClInclude Include="src\controller\MouseController.hpp">
      <Filter>Header Files</Filter>
    </ClInclude>
    <ClInclude Include="src\debug\Debug.hpp">
      <Filter>Header Files</Filter>
    </ClInclude>
    <ClInclude Include="src\entity\character\Character.hpp">
      <Filter>Header Files</Filter>
    </ClInclude>
    <ClInclude Include="src\entity\Chest.hpp">
      <Filter>Header Files</Filter>
    </ClInclude>
    <ClInclude Include="src\entity\Head.hpp">
      <Filter>Header Files</Filter>
    </ClInclude>
    <ClInclude Include="src\entity\character\LeftArm.hpp">
      <Filter>Header Files</Filter>
    </ClInclude>
    <ClInclude Include="src\entity\character\LeftLeg.hpp">
      <Filter>Header Files</Filter>
    </ClInclude>
    <ClInclude Include="src\entity\character\RightArm.hpp">
      <Filter>Header Files</Filter>
    </ClInclude>
    <ClInclude Include="src\entity\character\RightLeg.hpp">
      <Filter>Header Files</Filter>
    </ClInclude>
    <ClInclude Include="src\entity\Cube.hpp">
      <Filter>Header Files</Filter>
    </ClInclude>
    <ClInclude Include="src\entity\Entity.hpp">
      <Filter>Header Files</Filter>
    </ClInclude>
    <ClInclude Include="src\entity\Hitbox.hpp">
      <Filter>Header Files</Filter>
    </ClInclude>
    <ClInclude Include="src\entity\Member.hpp">
      <Filter>Header Files</Filter>
    </ClInclude>
    <ClInclude Include="src\gl\Camera.hpp">
      <Filter>Header Files</Filter>
    </ClInclude>
    <ClInclude Include="src\gl\Loader.hpp">
      <Filter>Header Files</Filter>
    </ClInclude>
    <ClInclude Include="src\gl\Mesh.hpp">
      <Filter>Header Files</Filter>
    </ClInclude>
    <ClInclude Include="src\gl\Shader.hpp">
      <Filter>Header Files</Filter>
    </ClInclude>
    <ClInclude Include="src\gl\ShadowMap.hpp">
      <Filter>Header Files</Filter>
    </ClInclude>
    <ClInclude Include="src\gl\Viewport.hpp">
      <Filter>Header Files</Filter>
    </ClInclude>
    <ClInclude Include="src\noise\bitmap.hpp">
      <Filter>Header Files</Filter>
    </ClInclude>
    <ClInclude Include="src\noise\bitmapTex.hpp">
      <Filter>Header Files</Filter>
    </ClInclude>
    <ClInclude Include="src\noise\DisplayNoise.hpp">
      <Filter>Header Files</Filter>
    </ClInclude>
    <ClInclude Include="src\noise\Noise.hpp">
      <Filter>Header Files</Filter>
    </ClInclude>
    <ClInclude Include="src\noise\pipeline.hpp">
      <Filter>Header Files</Filter>
    </ClInclude>
    <ClInclude Include="src\noise\simplex.hpp">
      <Filter>Header Files</Filter>
    </ClInclude>
    <ClInclude Include="src\noise\value.hpp">
      <Filter>Header Files</Filter>
    </ClInclude>
    <ClInclude Include="src\noise\voronoi.hpp">
      <Filter>Header Files</Filter>
    </ClInclude>
    <ClInclude Include="src\terrain\BlockGeom.hpp">
      <Filter>Header Files</Filter>
    </ClInclude>
    <ClInclude Include="src\terrain\Chunk.hpp">
      <Filter>Header Files</Filter>
    </ClInclude>
    <ClInclude Include="src\terrain\Generator.hpp">
      <Filter>Header Files</Filter>
    </ClInclude>
    <ClInclude Include="src\terrain\SkyBox.hpp">
      <Filter>Header Files</Filter>
    </ClInclude>
    <ClInclude Include="src\terrain\Terrain.hpp">
      <Filter>Header Files</Filter>
    </ClInclude>
    <ClInclude Include="src\util\AtomicCyclicList.hpp">
      <Filter>Header Files</Filter>
    </ClInclude>
    <ClInclude Include="src\util\DataStore.hpp">
      <Filter>Header Files</Filter>
    </ClInclude>
    <ClInclude Include="src\util\PriorityList.hpp">
      <Filter>Header Files</Filter>
    </ClInclude>
    <ClInclude Include="src\util\Random.hpp">
      <Filter>Header Files</Filter>
    </ClInclude>
    <ClInclude Include="src\util\Raycast.hpp">
      <Filter>Header Files</Filter>
    </ClInclude>
    <ClInclude Include="src\entity\character\CharacterHead.hpp">
      <Filter>Header Files</Filter>
    </ClInclude>
    <ClInclude Include="src\entity\character\CharacterChest.hpp">
      <Filter>Header Files</Filter>
    </ClInclude>
    <ClInclude Include="src\entity\character\Chest.hpp">
      <Filter>Header Files</Filter>
    </ClInclude>
    <ClInclude Include="src\entity\character\Head.hpp">
      <Filter>Header Files</Filter>
    </ClInclude>
    <ClInclude Include="src\entity\Node.hpp">
      <Filter>Header Files</Filter>
    </ClInclude>
    <ClInclude Include="src\blocks\Leaf_Block.hpp">
      <Filter>Header Files</Filter>
    </ClInclude>
    <ClInclude Include="src\terrain\ChunkMap.hpp">
      <Filter>Header Files</Filter>
    </ClInclude>
    <ClInclude Include="src\blocks\AllBlocks.hpp">
      <Filter>Header Files</Filter>
    </ClInclude>
    <ClInclude Include="src\blocks\Wood_Block.hpp">
      <Filter>Header Files</Filter>
    </ClInclude>
    <ClInclude Include="src\terrain\SliceMap.hpp">
      <Filter>Header Files</Filter>
    </ClInclude>
    <ClInclude Include="src\terrain\Structure.hpp">
      <Filter>Header Files</Filter>
    </ClInclude>
    <ClInclude Include="src\blocks\geometry\BlockGeometry.hpp">
      <Filter>Header Files</Filter>
    </ClInclude>
    <ClInclude Include="src\blocks\geometry\DefaultGeometry.hpp">
      <Filter>Header Files</Filter>
    </ClInclude>
    <ClInclude Include="src\blocks\geometry\TallgrassGeometry.hpp">
      <Filter>Header Files</Filter>
    </ClInclude>
    <ClInclude Include="src\blocks\Ice_Block.hpp">
      <Filter>Header Files</Filter>
    </ClInclude>
    <ClInclude Include="src\blocks\Sand_Block.hpp">
      <Filter>Header Files</Filter>
    </ClInclude>
    <ClInclude Include="src\blocks\Sandstone_Block.hpp">
      <Filter>Header Files</Filter>
    </ClInclude>
    <ClInclude Include="src\blocks\Snow_Block.hpp">
      <Filter>Header Files</Filter>
    </ClInclude>
    <ClInclude Include="src\blocks\Tallgrass_Block.hpp">
      <Filter>Header Files</Filter>
    </ClInclude>
    <ClInclude Include="src\terrain\biomes\Biome.hpp">
      <Filter>Header Files</Filter>
    </ClInclude>
    <ClInclude Include="src\terrain\biomes\BiomeMap.hpp">
      <Filter>Header Files</Filter>
    </ClInclude>
    <ClInclude Include="src\blocks\Water_Block.hpp">
      <Filter>Header Files</Filter>
    </ClInclude>
    <ClInclude Include="src\blocks\geometry\WaterGeometry.hpp">
      <Filter>Header Files</Filter>
    </ClInclude>
    <ClInclude Include="src\blocks\Cactus_Block.hpp">
      <Filter>Header Files</Filter>
    </ClInclude>
  </ItemGroup>
  <ItemGroup>
    <Image Include="src\blocks\Textures\Testxture.png">
      <Filter>Resource Files</Filter>
    </Image>
    <Image Include="data\img\Character.png">
      <Filter>Resource Files</Filter>
    </Image>
    <Image Include="data\img\starting_atlas.png">
      <Filter>Resource Files</Filter>
    </Image>
    <Image Include="data\img\Testxture.png">
      <Filter>Resource Files</Filter>
    </Image>
    <Image Include="data\img\Texture_atlas.png">
      <Filter>Resource Files</Filter>
    </Image>
    <Image Include="data\img\icon.png">
      <Filter>Resource Files</Filter>
    </Image>
    <Image Include="data\img\icon.ico">
      <Filter>Resource Files</Filter>
    </Image>
    <Image Include="data\img\water\water_normal_10_frame.png">
      <Filter>Resource Files</Filter>
    </Image>
    <Image Include="data\img\water\water_normal_11_frame.png">
      <Filter>Resource Files</Filter>
    </Image>
    <Image Include="data\img\water\water_normal_12_frame.png">
      <Filter>Resource Files</Filter>
    </Image>
    <Image Include="data\img\water\water_normal_13_frame.png">
      <Filter>Resource Files</Filter>
    </Image>
    <Image Include="data\img\water\water_normal_14_frame.png">
      <Filter>Resource Files</Filter>
    </Image>
    <Image Include="data\img\water\water_normal_15_frame.png">
      <Filter>Resource Files</Filter>
    </Image>
    <Image Include="data\img\water\water_normal_16_frame.png">
      <Filter>Resource Files</Filter>
    </Image>
    <Image Include="data\img\water\water_normal_17_frame.png">
      <Filter>Resource Files</Filter>
    </Image>
    <Image Include="data\img\water\water_normal_18_frame.png">
      <Filter>Resource Files</Filter>
    </Image>
    <Image Include="data\img\water\water_normal_19_frame.png">
      <Filter>Resource Files</Filter>
    </Image>
    <Image Include="data\img\water\water_normal_20_frame.png">
      <Filter>Resource Files</Filter>
    </Image>
    <Image Include="data\img\water\water_normal_21_frame.png">
      <Filter>Resource Files</Filter>
    </Image>
    <Image Include="data\img\water\water_normal_22_frame.png">
      <Filter>Resource Files</Filter>
    </Image>
    <Image Include="data\img\water\water_normal_23_frame.png">
      <Filter>Resource Files</Filter>
    </Image>
    <Image Include="data\img\water\water_normal_24_frame.png">
      <Filter>Resource Files</Filter>
    </Image>
    <Image Include="data\img\water\water_normal_25_frame.png">
      <Filter>Resource Files</Filter>
    </Image>
    <Image Include="data\img\water\water_normal_26_frame.png">
      <Filter>Resource Files</Filter>
    </Image>
    <Image Include="data\img\water\water_normal_27_frame.png">
      <Filter>Resource Files</Filter>
    </Image>
    <Image Include="data\img\water\water_normal_28_frame.png">
      <Filter>Resource Files</Filter>
    </Image>
    <Image Include="data\img\water\water_normal_29_frame.png">
      <Filter>Resource Files</Filter>
    </Image>
    <Image Include="data\img\water\water_normal_30_frame.png">
      <Filter>Resource Files</Filter>
    </Image>
    <Image Include="data\img\water\water_normal_1_frame.png">
      <Filter>Resource Files</Filter>
    </Image>
    <Image Include="data\img\water\water_normal_2_frame.png">
      <Filter>Resource Files</Filter>
    </Image>
    <Image Include="data\img\water\water_normal_3_frame.png">
      <Filter>Resource Files</Filter>
    </Image>
    <Image Include="data\img\water\water_normal_4_frame.png">
      <Filter>Resource Files</Filter>
    </Image>
    <Image Include="data\img\water\water_normal_5_frame.png">
      <Filter>Resource Files</Filter>
    </Image>
    <Image Include="data\img\water\water_normal_6_frame.png">
      <Filter>Resource Files</Filter>
    </Image>
    <Image Include="data\img\water\water_normal_7_frame.png">
      <Filter>Resource Files</Filter>
    </Image>
    <Image Include="data\img\water\water_normal_8_frame.png">
      <Filter>Resource Files</Filter>
    </Image>
    <Image Include="data\img\water\water_normal_9_frame.png">
      <Filter>Resource Files</Filter>
    </Image>
  </ItemGroup>
  <ItemGroup>
    <ResourceCompile Include="OpenGL.rc">
      <Filter>Resource Files</Filter>
    </ResourceCompile>
  </ItemGroup>
  <ItemGroup>
    <None Include="src\shader\simple.vert" />
    <None Include="src\shader\simple.frag" />
  </ItemGroup>
</Project>